
Microsoft Visual Studio Solution File, Format Version 12.00
# Visual Studio 14
VisualStudioVersion = 14.0.25420.1
MinimumVisualStudioVersion = 10.0.40219.1
Project("{FAE04EC0-301F-11D3-BF4B-00C04F79EFBC}") = "Hack.HouseFlipper.DataAccess", "DataAccess\Hack.HouseFlipper.DataAccess.csproj", "{718B99F4-02A9-4359-A150-EAB48AF7EDD5}"
EndProject
Project("{FAE04EC0-301F-11D3-BF4B-00C04F79EFBC}") = "Hack.HouseFlipper.Utility", "Utility\Hack.HouseFlipper.Utility.csproj", "{181680BC-3C57-498C-B24D-6962F2CE4501}"
EndProject
Project("{FAE04EC0-301F-11D3-BF4B-00C04F79EFBC}") = "Hack.HouseFlipper.WebSite", "WebSite\Hack.HouseFlipper.WebSite.csproj", "{BE6F3F23-EA9D-45B8-A7C3-068361A2BB5C}"
EndProject
Project("{6141683F-8A12-4E36-9623-2EB02B2C2303}") = "Setup", "Setup\Setup.isproj", "{7B268DAB-2923-4B44-AAAA-F89CF8B3388E}"
EndProject
Project("{FAE04EC0-301F-11D3-BF4B-00C04F79EFBC}") = "Test.HouseFlipper", "Test.HouseFlipper\Test.HouseFlipper.csproj", "{A35CF2EA-70DA-492F-B76F-3B6E87CAA426}"
EndProject
Global
	GlobalSection(SolutionConfigurationPlatforms) = preSolution
		CD_ROM|Any CPU = CD_ROM|Any CPU
		Debug|Any CPU = Debug|Any CPU
		DVD-5|Any CPU = DVD-5|Any CPU
		Release|Any CPU = Release|Any CPU
		SingleImage|Any CPU = SingleImage|Any CPU
	EndGlobalSection
	GlobalSection(ProjectConfigurationPlatforms) = postSolution
		{718B99F4-02A9-4359-A150-EAB48AF7EDD5}.CD_ROM|Any CPU.ActiveCfg = Release|Any CPU
		{718B99F4-02A9-4359-A150-EAB48AF7EDD5}.CD_ROM|Any CPU.Build.0 = Release|Any CPU
		{718B99F4-02A9-4359-A150-EAB48AF7EDD5}.Debug|Any CPU.ActiveCfg = Debug|Any CPU
		{718B99F4-02A9-4359-A150-EAB48AF7EDD5}.Debug|Any CPU.Build.0 = Debug|Any CPU
		{718B99F4-02A9-4359-A150-EAB48AF7EDD5}.DVD-5|Any CPU.ActiveCfg = Debug|Any CPU
		{718B99F4-02A9-4359-A150-EAB48AF7EDD5}.DVD-5|Any CPU.Build.0 = Debug|Any CPU
		{718B99F4-02A9-4359-A150-EAB48AF7EDD5}.Release|Any CPU.ActiveCfg = Release|Any CPU
		{718B99F4-02A9-4359-A150-EAB48AF7EDD5}.Release|Any CPU.Build.0 = Release|Any CPU
		{718B99F4-02A9-4359-A150-EAB48AF7EDD5}.SingleImage|Any CPU.ActiveCfg = Release|Any CPU
		{718B99F4-02A9-4359-A150-EAB48AF7EDD5}.SingleImage|Any CPU.Build.0 = Release|Any CPU
		{181680BC-3C57-498C-B24D-6962F2CE4501}.CD_ROM|Any CPU.ActiveCfg = Release|Any CPU
		{181680BC-3C57-498C-B24D-6962F2CE4501}.CD_ROM|Any CPU.Build.0 = Release|Any CPU
		{181680BC-3C57-498C-B24D-6962F2CE4501}.Debug|Any CPU.ActiveCfg = Debug|Any CPU
		{181680BC-3C57-498C-B24D-6962F2CE4501}.Debug|Any CPU.Build.0 = Debug|Any CPU
		{181680BC-3C57-498C-B24D-6962F2CE4501}.DVD-5|Any CPU.ActiveCfg = Debug|Any CPU
		{181680BC-3C57-498C-B24D-6962F2CE4501}.DVD-5|Any CPU.Build.0 = Debug|Any CPU
		{181680BC-3C57-498C-B24D-6962F2CE4501}.Release|Any CPU.ActiveCfg = Release|Any CPU
		{181680BC-3C57-498C-B24D-6962F2CE4501}.Release|Any CPU.Build.0 = Release|Any CPU
		{181680BC-3C57-498C-B24D-6962F2CE4501}.SingleImage|Any CPU.ActiveCfg = Release|Any CPU
		{181680BC-3C57-498C-B24D-6962F2CE4501}.SingleImage|Any CPU.Build.0 = Release|Any CPU
		{BE6F3F23-EA9D-45B8-A7C3-068361A2BB5C}.CD_ROM|Any CPU.ActiveCfg = Release|Any CPU
		{BE6F3F23-EA9D-45B8-A7C3-068361A2BB5C}.CD_ROM|Any CPU.Build.0 = Release|Any CPU
		{BE6F3F23-EA9D-45B8-A7C3-068361A2BB5C}.Debug|Any CPU.ActiveCfg = Debug|Any CPU
		{BE6F3F23-EA9D-45B8-A7C3-068361A2BB5C}.Debug|Any CPU.Build.0 = Debug|Any CPU
		{BE6F3F23-EA9D-45B8-A7C3-068361A2BB5C}.DVD-5|Any CPU.ActiveCfg = Debug|Any CPU
		{BE6F3F23-EA9D-45B8-A7C3-068361A2BB5C}.DVD-5|Any CPU.Build.0 = Debug|Any CPU
		{BE6F3F23-EA9D-45B8-A7C3-068361A2BB5C}.Release|Any CPU.ActiveCfg = Release|Any CPU
		{BE6F3F23-EA9D-45B8-A7C3-068361A2BB5C}.Release|Any CPU.Build.0 = Release|Any CPU
		{BE6F3F23-EA9D-45B8-A7C3-068361A2BB5C}.SingleImage|Any CPU.ActiveCfg = Release|Any CPU
		{BE6F3F23-EA9D-45B8-A7C3-068361A2BB5C}.SingleImage|Any CPU.Build.0 = Release|Any CPU
		{7B268DAB-2923-4B44-AAAA-F89CF8B3388E}.CD_ROM|Any CPU.ActiveCfg = CD_ROM
		{7B268DAB-2923-4B44-AAAA-F89CF8B3388E}.CD_ROM|Any CPU.Build.0 = CD_ROM
		{7B268DAB-2923-4B44-AAAA-F89CF8B3388E}.Debug|Any CPU.ActiveCfg = DVD-5
		{7B268DAB-2923-4B44-AAAA-F89CF8B3388E}.Debug|Any CPU.Build.0 = DVD-5
		{7B268DAB-2923-4B44-AAAA-F89CF8B3388E}.DVD-5|Any CPU.ActiveCfg = DVD-5
		{7B268DAB-2923-4B44-AAAA-F89CF8B3388E}.DVD-5|Any CPU.Build.0 = DVD-5
		{7B268DAB-2923-4B44-AAAA-F89CF8B3388E}.Release|Any CPU.ActiveCfg = SingleImage
		{7B268DAB-2923-4B44-AAAA-F89CF8B3388E}.Release|Any CPU.Build.0 = SingleImage
		{7B268DAB-2923-4B44-AAAA-F89CF8B3388E}.SingleImage|Any CPU.ActiveCfg = SingleImage
		{7B268DAB-2923-4B44-AAAA-F89CF8B3388E}.SingleImage|Any CPU.Build.0 = SingleImage
		{A35CF2EA-70DA-492F-B76F-3B6E87CAA426}.CD_ROM|Any CPU.ActiveCfg = Release|Any CPU
		{A35CF2EA-70DA-492F-B76F-3B6E87CAA426}.CD_ROM|Any CPU.Build.0 = Release|Any CPU
		{A35CF2EA-70DA-492F-B76F-3B6E87CAA426}.Debug|Any CPU.ActiveCfg = Debug|Any CPU
		{A35CF2EA-70DA-492F-B76F-3B6E87CAA426}.Debug|Any CPU.Build.0 = Debug|Any CPU
		{A35CF2EA-70DA-492F-B76F-3B6E87CAA426}.DVD-5|Any CPU.ActiveCfg = Debug|Any CPU
		{A35CF2EA-70DA-492F-B76F-3B6E87CAA426}.DVD-5|Any CPU.Build.0 = Debug|Any CPU
		{A35CF2EA-70DA-492F-B76F-3B6E87CAA426}.Release|Any CPU.ActiveCfg = Release|Any CPU
		{A35CF2EA-70DA-492F-B76F-3B6E87CAA426}.Release|Any CPU.Build.0 = Release|Any CPU
		{A35CF2EA-70DA-492F-B76F-3B6E87CAA426}.SingleImage|Any CPU.ActiveCfg = Release|Any CPU
		{A35CF2EA-70DA-492F-B76F-3B6E87CAA426}.SingleImage|Any CPU.Build.0 = Release|Any CPU
	EndGlobalSection
	GlobalSection(SolutionProperties) = preSolution
		HideSolutionNode = FALSE
	EndGlobalSection
EndGlobal
