
Microsoft Visual Studio Solution File, Format Version 12.00
# Visual Studio 15
VisualStudioVersion = 15.0.26430.13
MinimumVisualStudioVersion = 10.0.40219.1
Project("{FAE04EC0-301F-11D3-BF4B-00C04F79EFBC}") = "HouseFlipper.DataAccess", "DataAccess\HouseFlipper.DataAccess.csproj", "{718B99F4-02A9-4359-A150-EAB48AF7EDD5}"
EndProject
Project("{FAE04EC0-301F-11D3-BF4B-00C04F79EFBC}") = "HouseFlipper.Utility", "Utility\HouseFlipper.Utility.csproj", "{181680BC-3C57-498C-B24D-6962F2CE4501}"
EndProject
Project("{FAE04EC0-301F-11D3-BF4B-00C04F79EFBC}") = "HouseFlipper.WebSite", "WebSite\HouseFlipper.WebSite.csproj", "{BE6F3F23-EA9D-45B8-A7C3-068361A2BB5C}"
EndProject
Project("{FAE04EC0-301F-11D3-BF4B-00C04F79EFBC}") = "HouseFlipper.BusinessObjects", "BusinessObjects\HouseFlipper.BusinessObjects.csproj", "{72560C76-219A-4137-9F5E-1C112AB114EA}"
EndProject
Project("{FAE04EC0-301F-11D3-BF4B-00C04F79EFBC}") = "Tests.HouseFlipper", "Tests\Tests.HouseFlipper.csproj", "{CE75DD25-E2A4-4EDF-A7DF-71B0455DCFF4}"
EndProject
Global
	GlobalSection(SolutionConfigurationPlatforms) = preSolution
		CD_ROM|Any CPU = CD_ROM|Any CPU
		Debug|Any CPU = Debug|Any CPU
		DVD-5|Any CPU = DVD-5|Any CPU
		Release|Any CPU = Release|Any CPU
		SingleImage|Any CPU = SingleImage|Any CPU
	EndGlobalSection
	GlobalSection(ProjectConfigurationPlatforms) = postSolution
		{718B99F4-02A9-4359-A150-EAB48AF7EDD5}.CD_ROM|Any CPU.ActiveCfg = Release|Any CPU
		{718B99F4-02A9-4359-A150-EAB48AF7EDD5}.CD_ROM|Any CPU.Build.0 = Release|Any CPU
		{718B99F4-02A9-4359-A150-EAB48AF7EDD5}.Debug|Any CPU.ActiveCfg = Debug|Any CPU
		{718B99F4-02A9-4359-A150-EAB48AF7EDD5}.Debug|Any CPU.Build.0 = Debug|Any CPU
		{718B99F4-02A9-4359-A150-EAB48AF7EDD5}.DVD-5|Any CPU.ActiveCfg = Debug|Any CPU
		{718B99F4-02A9-4359-A150-EAB48AF7EDD5}.DVD-5|Any CPU.Build.0 = Debug|Any CPU
		{718B99F4-02A9-4359-A150-EAB48AF7EDD5}.Release|Any CPU.ActiveCfg = Release|Any CPU
		{718B99F4-02A9-4359-A150-EAB48AF7EDD5}.Release|Any CPU.Build.0 = Release|Any CPU
		{718B99F4-02A9-4359-A150-EAB48AF7EDD5}.SingleImage|Any CPU.ActiveCfg = Release|Any CPU
		{718B99F4-02A9-4359-A150-EAB48AF7EDD5}.SingleImage|Any CPU.Build.0 = Release|Any CPU
		{181680BC-3C57-498C-B24D-6962F2CE4501}.CD_ROM|Any CPU.ActiveCfg = Release|Any CPU
		{181680BC-3C57-498C-B24D-6962F2CE4501}.CD_ROM|Any CPU.Build.0 = Release|Any CPU
		{181680BC-3C57-498C-B24D-6962F2CE4501}.Debug|Any CPU.ActiveCfg = Debug|Any CPU
		{181680BC-3C57-498C-B24D-6962F2CE4501}.Debug|Any CPU.Build.0 = Debug|Any CPU
		{181680BC-3C57-498C-B24D-6962F2CE4501}.DVD-5|Any CPU.ActiveCfg = Debug|Any CPU
		{181680BC-3C57-498C-B24D-6962F2CE4501}.DVD-5|Any CPU.Build.0 = Debug|Any CPU
		{181680BC-3C57-498C-B24D-6962F2CE4501}.Release|Any CPU.ActiveCfg = Release|Any CPU
		{181680BC-3C57-498C-B24D-6962F2CE4501}.Release|Any CPU.Build.0 = Release|Any CPU
		{181680BC-3C57-498C-B24D-6962F2CE4501}.SingleImage|Any CPU.ActiveCfg = Release|Any CPU
		{181680BC-3C57-498C-B24D-6962F2CE4501}.SingleImage|Any CPU.Build.0 = Release|Any CPU
		{BE6F3F23-EA9D-45B8-A7C3-068361A2BB5C}.CD_ROM|Any CPU.ActiveCfg = Release|Any CPU
		{BE6F3F23-EA9D-45B8-A7C3-068361A2BB5C}.CD_ROM|Any CPU.Build.0 = Release|Any CPU
		{BE6F3F23-EA9D-45B8-A7C3-068361A2BB5C}.Debug|Any CPU.ActiveCfg = Debug|Any CPU
		{BE6F3F23-EA9D-45B8-A7C3-068361A2BB5C}.Debug|Any CPU.Build.0 = Debug|Any CPU
		{BE6F3F23-EA9D-45B8-A7C3-068361A2BB5C}.DVD-5|Any CPU.ActiveCfg = Debug|Any CPU
		{BE6F3F23-EA9D-45B8-A7C3-068361A2BB5C}.DVD-5|Any CPU.Build.0 = Debug|Any CPU
		{BE6F3F23-EA9D-45B8-A7C3-068361A2BB5C}.Release|Any CPU.ActiveCfg = Release|Any CPU
		{BE6F3F23-EA9D-45B8-A7C3-068361A2BB5C}.Release|Any CPU.Build.0 = Release|Any CPU
		{BE6F3F23-EA9D-45B8-A7C3-068361A2BB5C}.SingleImage|Any CPU.ActiveCfg = Release|Any CPU
		{BE6F3F23-EA9D-45B8-A7C3-068361A2BB5C}.SingleImage|Any CPU.Build.0 = Release|Any CPU
		{72560C76-219A-4137-9F5E-1C112AB114EA}.CD_ROM|Any CPU.ActiveCfg = Release|Any CPU
		{72560C76-219A-4137-9F5E-1C112AB114EA}.CD_ROM|Any CPU.Build.0 = Release|Any CPU
		{72560C76-219A-4137-9F5E-1C112AB114EA}.Debug|Any CPU.ActiveCfg = Debug|Any CPU
		{72560C76-219A-4137-9F5E-1C112AB114EA}.Debug|Any CPU.Build.0 = Debug|Any CPU
		{72560C76-219A-4137-9F5E-1C112AB114EA}.DVD-5|Any CPU.ActiveCfg = Debug|Any CPU
		{72560C76-219A-4137-9F5E-1C112AB114EA}.DVD-5|Any CPU.Build.0 = Debug|Any CPU
		{72560C76-219A-4137-9F5E-1C112AB114EA}.Release|Any CPU.ActiveCfg = Release|Any CPU
		{72560C76-219A-4137-9F5E-1C112AB114EA}.Release|Any CPU.Build.0 = Release|Any CPU
		{72560C76-219A-4137-9F5E-1C112AB114EA}.SingleImage|Any CPU.ActiveCfg = Release|Any CPU
		{72560C76-219A-4137-9F5E-1C112AB114EA}.SingleImage|Any CPU.Build.0 = Release|Any CPU
		{CE75DD25-E2A4-4EDF-A7DF-71B0455DCFF4}.CD_ROM|Any CPU.ActiveCfg = Release|Any CPU
		{CE75DD25-E2A4-4EDF-A7DF-71B0455DCFF4}.CD_ROM|Any CPU.Build.0 = Release|Any CPU
		{CE75DD25-E2A4-4EDF-A7DF-71B0455DCFF4}.Debug|Any CPU.ActiveCfg = Debug|Any CPU
		{CE75DD25-E2A4-4EDF-A7DF-71B0455DCFF4}.Debug|Any CPU.Build.0 = Debug|Any CPU
		{CE75DD25-E2A4-4EDF-A7DF-71B0455DCFF4}.DVD-5|Any CPU.ActiveCfg = Debug|Any CPU
		{CE75DD25-E2A4-4EDF-A7DF-71B0455DCFF4}.DVD-5|Any CPU.Build.0 = Debug|Any CPU
		{CE75DD25-E2A4-4EDF-A7DF-71B0455DCFF4}.Release|Any CPU.ActiveCfg = Release|Any CPU
		{CE75DD25-E2A4-4EDF-A7DF-71B0455DCFF4}.Release|Any CPU.Build.0 = Release|Any CPU
		{CE75DD25-E2A4-4EDF-A7DF-71B0455DCFF4}.SingleImage|Any CPU.ActiveCfg = Release|Any CPU
		{CE75DD25-E2A4-4EDF-A7DF-71B0455DCFF4}.SingleImage|Any CPU.Build.0 = Release|Any CPU
	EndGlobalSection
	GlobalSection(SolutionProperties) = preSolution
		HideSolutionNode = FALSE
	EndGlobalSection
EndGlobal
