
Microsoft Visual Studio Solution File, Format Version 12.00
# Visual Studio 14
VisualStudioVersion = 14.0.25420.1
MinimumVisualStudioVersion = 10.0.40219.1
Project("{FAE04EC0-301F-11D3-BF4B-00C04F79EFBC}") = "HouseFlipper.DataAccess", "DataAccess\HouseFlipper.DataAccess.csproj", "{718B99F4-02A9-4359-A150-EAB48AF7EDD5}"
EndProject
Project("{FAE04EC0-301F-11D3-BF4B-00C04F79EFBC}") = "HouseFlipper.Utility", "Utility\HouseFlipper.Utility.csproj", "{181680BC-3C57-498C-B24D-6962F2CE4501}"
EndProject
Project("{FAE04EC0-301F-11D3-BF4B-00C04F79EFBC}") = "HouseFlipper.WebSite", "WebSite\HouseFlipper.WebSite.csproj", "{BE6F3F23-EA9D-45B8-A7C3-068361A2BB5C}"
EndProject
Project("{FAE04EC0-301F-11D3-BF4B-00C04F79EFBC}") = "HouseFlipper.BusinessObjects", "BusinessObjects\HouseFlipper.BusinessObjects.csproj", "{72560C76-219A-4137-9F5E-1C112AB114EA}"
EndProject
Project("{FAE04EC0-301F-11D3-BF4B-00C04F79EFBC}") = "Test.HouseFlipper.WebSite", "Tests\WebSite\Test.HouseFlipper.WebSite.csproj", "{A35CF2EA-70DA-492F-B76F-3B6E87CAA426}"
EndProject
Project("{FAE04EC0-301F-11D3-BF4B-00C04F79EFBC}") = "Test.HouseFlipper.BusinessObjects", "Tests\BusinessObjects\Test.HouseFlipper.BusinessObjects.csproj", "{C3CB9CBC-D359-4B17-96CD-6D7F7434FF7E}"
EndProject
Project("{FAE04EC0-301F-11D3-BF4B-00C04F79EFBC}") = "Test.HouseFlipper.DataAccess", "Tests\DataAccess\Test.HouseFlipper.DataAccess.csproj", "{4920AE88-F774-4279-B789-CA10C223DE1A}"
EndProject
Project("{FAE04EC0-301F-11D3-BF4B-00C04F79EFBC}") = "Test.HouseFlipper.Common", "Tests\Common\Test.HouseFlipper.Common.csproj", "{9B459C57-5B1A-4599-8AAD-1A81BF9A0493}"
EndProject
Project("{FAE04EC0-301F-11D3-BF4B-00C04F79EFBC}") = "Test.HouseFlipper.Utility", "Tests\Utility\Test.HouseFlipper.Utility.csproj", "{E25DD463-49B1-4EAB-963C-DC474E5E2BD3}"
EndProject
Project("{FAE04EC0-301F-11D3-BF4B-00C04F79EFBC}") = "Test.HouseFlipper.End2End", "Tests\End2End\Test.HouseFlipper.End2End.csproj", "{FDAB183E-BA87-4CBF-ABDF-562A924B99BC}"
EndProject
Project("{FAE04EC0-301F-11D3-BF4B-00C04F79EFBC}") = "Test.HouseFlipper.Framework", "Tests\Framework\Test.HouseFlipper.Framework.csproj", "{F3520401-E34A-4E69-89F0-612172CA5669}"
EndProject
Global
	GlobalSection(SolutionConfigurationPlatforms) = preSolution
		CD_ROM|Any CPU = CD_ROM|Any CPU
		Debug|Any CPU = Debug|Any CPU
		DVD-5|Any CPU = DVD-5|Any CPU
		Release|Any CPU = Release|Any CPU
		SingleImage|Any CPU = SingleImage|Any CPU
	EndGlobalSection
	GlobalSection(ProjectConfigurationPlatforms) = postSolution
		{718B99F4-02A9-4359-A150-EAB48AF7EDD5}.CD_ROM|Any CPU.ActiveCfg = Release|Any CPU
		{718B99F4-02A9-4359-A150-EAB48AF7EDD5}.CD_ROM|Any CPU.Build.0 = Release|Any CPU
		{718B99F4-02A9-4359-A150-EAB48AF7EDD5}.Debug|Any CPU.ActiveCfg = Debug|Any CPU
		{718B99F4-02A9-4359-A150-EAB48AF7EDD5}.Debug|Any CPU.Build.0 = Debug|Any CPU
		{718B99F4-02A9-4359-A150-EAB48AF7EDD5}.DVD-5|Any CPU.ActiveCfg = Debug|Any CPU
		{718B99F4-02A9-4359-A150-EAB48AF7EDD5}.DVD-5|Any CPU.Build.0 = Debug|Any CPU
		{718B99F4-02A9-4359-A150-EAB48AF7EDD5}.Release|Any CPU.ActiveCfg = Release|Any CPU
		{718B99F4-02A9-4359-A150-EAB48AF7EDD5}.Release|Any CPU.Build.0 = Release|Any CPU
		{718B99F4-02A9-4359-A150-EAB48AF7EDD5}.SingleImage|Any CPU.ActiveCfg = Release|Any CPU
		{718B99F4-02A9-4359-A150-EAB48AF7EDD5}.SingleImage|Any CPU.Build.0 = Release|Any CPU
		{181680BC-3C57-498C-B24D-6962F2CE4501}.CD_ROM|Any CPU.ActiveCfg = Release|Any CPU
		{181680BC-3C57-498C-B24D-6962F2CE4501}.CD_ROM|Any CPU.Build.0 = Release|Any CPU
		{181680BC-3C57-498C-B24D-6962F2CE4501}.Debug|Any CPU.ActiveCfg = Debug|Any CPU
		{181680BC-3C57-498C-B24D-6962F2CE4501}.Debug|Any CPU.Build.0 = Debug|Any CPU
		{181680BC-3C57-498C-B24D-6962F2CE4501}.DVD-5|Any CPU.ActiveCfg = Debug|Any CPU
		{181680BC-3C57-498C-B24D-6962F2CE4501}.DVD-5|Any CPU.Build.0 = Debug|Any CPU
		{181680BC-3C57-498C-B24D-6962F2CE4501}.Release|Any CPU.ActiveCfg = Release|Any CPU
		{181680BC-3C57-498C-B24D-6962F2CE4501}.Release|Any CPU.Build.0 = Release|Any CPU
		{181680BC-3C57-498C-B24D-6962F2CE4501}.SingleImage|Any CPU.ActiveCfg = Release|Any CPU
		{181680BC-3C57-498C-B24D-6962F2CE4501}.SingleImage|Any CPU.Build.0 = Release|Any CPU
		{BE6F3F23-EA9D-45B8-A7C3-068361A2BB5C}.CD_ROM|Any CPU.ActiveCfg = Release|Any CPU
		{BE6F3F23-EA9D-45B8-A7C3-068361A2BB5C}.CD_ROM|Any CPU.Build.0 = Release|Any CPU
		{BE6F3F23-EA9D-45B8-A7C3-068361A2BB5C}.Debug|Any CPU.ActiveCfg = Debug|Any CPU
		{BE6F3F23-EA9D-45B8-A7C3-068361A2BB5C}.Debug|Any CPU.Build.0 = Debug|Any CPU
		{BE6F3F23-EA9D-45B8-A7C3-068361A2BB5C}.DVD-5|Any CPU.ActiveCfg = Debug|Any CPU
		{BE6F3F23-EA9D-45B8-A7C3-068361A2BB5C}.DVD-5|Any CPU.Build.0 = Debug|Any CPU
		{BE6F3F23-EA9D-45B8-A7C3-068361A2BB5C}.Release|Any CPU.ActiveCfg = Release|Any CPU
		{BE6F3F23-EA9D-45B8-A7C3-068361A2BB5C}.Release|Any CPU.Build.0 = Release|Any CPU
		{BE6F3F23-EA9D-45B8-A7C3-068361A2BB5C}.SingleImage|Any CPU.ActiveCfg = Release|Any CPU
		{BE6F3F23-EA9D-45B8-A7C3-068361A2BB5C}.SingleImage|Any CPU.Build.0 = Release|Any CPU
		{72560C76-219A-4137-9F5E-1C112AB114EA}.CD_ROM|Any CPU.ActiveCfg = Release|Any CPU
		{72560C76-219A-4137-9F5E-1C112AB114EA}.CD_ROM|Any CPU.Build.0 = Release|Any CPU
		{72560C76-219A-4137-9F5E-1C112AB114EA}.Debug|Any CPU.ActiveCfg = Debug|Any CPU
		{72560C76-219A-4137-9F5E-1C112AB114EA}.Debug|Any CPU.Build.0 = Debug|Any CPU
		{72560C76-219A-4137-9F5E-1C112AB114EA}.DVD-5|Any CPU.ActiveCfg = Debug|Any CPU
		{72560C76-219A-4137-9F5E-1C112AB114EA}.DVD-5|Any CPU.Build.0 = Debug|Any CPU
		{72560C76-219A-4137-9F5E-1C112AB114EA}.Release|Any CPU.ActiveCfg = Release|Any CPU
		{72560C76-219A-4137-9F5E-1C112AB114EA}.Release|Any CPU.Build.0 = Release|Any CPU
		{72560C76-219A-4137-9F5E-1C112AB114EA}.SingleImage|Any CPU.ActiveCfg = Release|Any CPU
		{72560C76-219A-4137-9F5E-1C112AB114EA}.SingleImage|Any CPU.Build.0 = Release|Any CPU
		{A35CF2EA-70DA-492F-B76F-3B6E87CAA426}.CD_ROM|Any CPU.ActiveCfg = Release|Any CPU
		{A35CF2EA-70DA-492F-B76F-3B6E87CAA426}.CD_ROM|Any CPU.Build.0 = Release|Any CPU
		{A35CF2EA-70DA-492F-B76F-3B6E87CAA426}.Debug|Any CPU.ActiveCfg = Debug|Any CPU
		{A35CF2EA-70DA-492F-B76F-3B6E87CAA426}.Debug|Any CPU.Build.0 = Debug|Any CPU
		{A35CF2EA-70DA-492F-B76F-3B6E87CAA426}.DVD-5|Any CPU.ActiveCfg = Debug|Any CPU
		{A35CF2EA-70DA-492F-B76F-3B6E87CAA426}.DVD-5|Any CPU.Build.0 = Debug|Any CPU
		{A35CF2EA-70DA-492F-B76F-3B6E87CAA426}.Release|Any CPU.ActiveCfg = Release|Any CPU
		{A35CF2EA-70DA-492F-B76F-3B6E87CAA426}.Release|Any CPU.Build.0 = Release|Any CPU
		{A35CF2EA-70DA-492F-B76F-3B6E87CAA426}.SingleImage|Any CPU.ActiveCfg = Release|Any CPU
		{A35CF2EA-70DA-492F-B76F-3B6E87CAA426}.SingleImage|Any CPU.Build.0 = Release|Any CPU
		{C3CB9CBC-D359-4B17-96CD-6D7F7434FF7E}.CD_ROM|Any CPU.ActiveCfg = Release|Any CPU
		{C3CB9CBC-D359-4B17-96CD-6D7F7434FF7E}.CD_ROM|Any CPU.Build.0 = Release|Any CPU
		{C3CB9CBC-D359-4B17-96CD-6D7F7434FF7E}.Debug|Any CPU.ActiveCfg = Debug|Any CPU
		{C3CB9CBC-D359-4B17-96CD-6D7F7434FF7E}.Debug|Any CPU.Build.0 = Debug|Any CPU
		{C3CB9CBC-D359-4B17-96CD-6D7F7434FF7E}.DVD-5|Any CPU.ActiveCfg = Debug|Any CPU
		{C3CB9CBC-D359-4B17-96CD-6D7F7434FF7E}.DVD-5|Any CPU.Build.0 = Debug|Any CPU
		{C3CB9CBC-D359-4B17-96CD-6D7F7434FF7E}.Release|Any CPU.ActiveCfg = Release|Any CPU
		{C3CB9CBC-D359-4B17-96CD-6D7F7434FF7E}.Release|Any CPU.Build.0 = Release|Any CPU
		{C3CB9CBC-D359-4B17-96CD-6D7F7434FF7E}.SingleImage|Any CPU.ActiveCfg = Release|Any CPU
		{C3CB9CBC-D359-4B17-96CD-6D7F7434FF7E}.SingleImage|Any CPU.Build.0 = Release|Any CPU
		{4920AE88-F774-4279-B789-CA10C223DE1A}.CD_ROM|Any CPU.ActiveCfg = Release|Any CPU
		{4920AE88-F774-4279-B789-CA10C223DE1A}.CD_ROM|Any CPU.Build.0 = Release|Any CPU
		{4920AE88-F774-4279-B789-CA10C223DE1A}.Debug|Any CPU.ActiveCfg = Debug|Any CPU
		{4920AE88-F774-4279-B789-CA10C223DE1A}.Debug|Any CPU.Build.0 = Debug|Any CPU
		{4920AE88-F774-4279-B789-CA10C223DE1A}.DVD-5|Any CPU.ActiveCfg = Debug|Any CPU
		{4920AE88-F774-4279-B789-CA10C223DE1A}.DVD-5|Any CPU.Build.0 = Debug|Any CPU
		{4920AE88-F774-4279-B789-CA10C223DE1A}.Release|Any CPU.ActiveCfg = Release|Any CPU
		{4920AE88-F774-4279-B789-CA10C223DE1A}.Release|Any CPU.Build.0 = Release|Any CPU
		{4920AE88-F774-4279-B789-CA10C223DE1A}.SingleImage|Any CPU.ActiveCfg = Release|Any CPU
		{4920AE88-F774-4279-B789-CA10C223DE1A}.SingleImage|Any CPU.Build.0 = Release|Any CPU
		{9B459C57-5B1A-4599-8AAD-1A81BF9A0493}.CD_ROM|Any CPU.ActiveCfg = Release|Any CPU
		{9B459C57-5B1A-4599-8AAD-1A81BF9A0493}.CD_ROM|Any CPU.Build.0 = Release|Any CPU
		{9B459C57-5B1A-4599-8AAD-1A81BF9A0493}.Debug|Any CPU.ActiveCfg = Debug|Any CPU
		{9B459C57-5B1A-4599-8AAD-1A81BF9A0493}.Debug|Any CPU.Build.0 = Debug|Any CPU
		{9B459C57-5B1A-4599-8AAD-1A81BF9A0493}.DVD-5|Any CPU.ActiveCfg = Debug|Any CPU
		{9B459C57-5B1A-4599-8AAD-1A81BF9A0493}.DVD-5|Any CPU.Build.0 = Debug|Any CPU
		{9B459C57-5B1A-4599-8AAD-1A81BF9A0493}.Release|Any CPU.ActiveCfg = Release|Any CPU
		{9B459C57-5B1A-4599-8AAD-1A81BF9A0493}.Release|Any CPU.Build.0 = Release|Any CPU
		{9B459C57-5B1A-4599-8AAD-1A81BF9A0493}.SingleImage|Any CPU.ActiveCfg = Release|Any CPU
		{9B459C57-5B1A-4599-8AAD-1A81BF9A0493}.SingleImage|Any CPU.Build.0 = Release|Any CPU
		{E25DD463-49B1-4EAB-963C-DC474E5E2BD3}.CD_ROM|Any CPU.ActiveCfg = Release|Any CPU
		{E25DD463-49B1-4EAB-963C-DC474E5E2BD3}.CD_ROM|Any CPU.Build.0 = Release|Any CPU
		{E25DD463-49B1-4EAB-963C-DC474E5E2BD3}.Debug|Any CPU.ActiveCfg = Debug|Any CPU
		{E25DD463-49B1-4EAB-963C-DC474E5E2BD3}.Debug|Any CPU.Build.0 = Debug|Any CPU
		{E25DD463-49B1-4EAB-963C-DC474E5E2BD3}.DVD-5|Any CPU.ActiveCfg = Debug|Any CPU
		{E25DD463-49B1-4EAB-963C-DC474E5E2BD3}.DVD-5|Any CPU.Build.0 = Debug|Any CPU
		{E25DD463-49B1-4EAB-963C-DC474E5E2BD3}.Release|Any CPU.ActiveCfg = Release|Any CPU
		{E25DD463-49B1-4EAB-963C-DC474E5E2BD3}.Release|Any CPU.Build.0 = Release|Any CPU
		{E25DD463-49B1-4EAB-963C-DC474E5E2BD3}.SingleImage|Any CPU.ActiveCfg = Release|Any CPU
		{E25DD463-49B1-4EAB-963C-DC474E5E2BD3}.SingleImage|Any CPU.Build.0 = Release|Any CPU
		{FDAB183E-BA87-4CBF-ABDF-562A924B99BC}.CD_ROM|Any CPU.ActiveCfg = Release|Any CPU
		{FDAB183E-BA87-4CBF-ABDF-562A924B99BC}.CD_ROM|Any CPU.Build.0 = Release|Any CPU
		{FDAB183E-BA87-4CBF-ABDF-562A924B99BC}.Debug|Any CPU.ActiveCfg = Debug|Any CPU
		{FDAB183E-BA87-4CBF-ABDF-562A924B99BC}.Debug|Any CPU.Build.0 = Debug|Any CPU
		{FDAB183E-BA87-4CBF-ABDF-562A924B99BC}.DVD-5|Any CPU.ActiveCfg = Debug|Any CPU
		{FDAB183E-BA87-4CBF-ABDF-562A924B99BC}.DVD-5|Any CPU.Build.0 = Debug|Any CPU
		{FDAB183E-BA87-4CBF-ABDF-562A924B99BC}.Release|Any CPU.ActiveCfg = Release|Any CPU
		{FDAB183E-BA87-4CBF-ABDF-562A924B99BC}.Release|Any CPU.Build.0 = Release|Any CPU
		{FDAB183E-BA87-4CBF-ABDF-562A924B99BC}.SingleImage|Any CPU.ActiveCfg = Release|Any CPU
		{FDAB183E-BA87-4CBF-ABDF-562A924B99BC}.SingleImage|Any CPU.Build.0 = Release|Any CPU
		{F3520401-E34A-4E69-89F0-612172CA5669}.CD_ROM|Any CPU.ActiveCfg = Release|Any CPU
		{F3520401-E34A-4E69-89F0-612172CA5669}.CD_ROM|Any CPU.Build.0 = Release|Any CPU
		{F3520401-E34A-4E69-89F0-612172CA5669}.Debug|Any CPU.ActiveCfg = Debug|Any CPU
		{F3520401-E34A-4E69-89F0-612172CA5669}.Debug|Any CPU.Build.0 = Debug|Any CPU
		{F3520401-E34A-4E69-89F0-612172CA5669}.DVD-5|Any CPU.ActiveCfg = Debug|Any CPU
		{F3520401-E34A-4E69-89F0-612172CA5669}.DVD-5|Any CPU.Build.0 = Debug|Any CPU
		{F3520401-E34A-4E69-89F0-612172CA5669}.Release|Any CPU.ActiveCfg = Release|Any CPU
		{F3520401-E34A-4E69-89F0-612172CA5669}.Release|Any CPU.Build.0 = Release|Any CPU
		{F3520401-E34A-4E69-89F0-612172CA5669}.SingleImage|Any CPU.ActiveCfg = Release|Any CPU
		{F3520401-E34A-4E69-89F0-612172CA5669}.SingleImage|Any CPU.Build.0 = Release|Any CPU
	EndGlobalSection
	GlobalSection(SolutionProperties) = preSolution
		HideSolutionNode = FALSE
	EndGlobalSection
EndGlobal
